
Microsoft Visual Studio Solution File, Format Version 12.00
# Visual Studio Version 17
VisualStudioVersion = 17.3.32811.315
MinimumVisualStudioVersion = 10.0.40219.1
Project("{FAE04EC0-301F-11D3-BF4B-00C04F79EFBC}") = "ST", "ST\ST.csproj", "{D9C1723B-288B-49F9-BDC4-CB7CBF02CD01}"
EndProject
Global
	GlobalSection(SolutionConfigurationPlatforms) = preSolution
		Debug|Any CPU = Debug|Any CPU
		Release|Any CPU = Release|Any CPU
	EndGlobalSection
	GlobalSection(ProjectConfigurationPlatforms) = postSolution
		{D9C1723B-288B-49F9-BDC4-CB7CBF02CD01}.Debug|Any CPU.ActiveCfg = Debug|Any CPU
		{D9C1723B-288B-49F9-BDC4-CB7CBF02CD01}.Debug|Any CPU.Build.0 = Debug|Any CPU
		{D9C1723B-288B-49F9-BDC4-CB7CBF02CD01}.Release|Any CPU.ActiveCfg = Release|Any CPU
		{D9C1723B-288B-49F9-BDC4-CB7CBF02CD01}.Release|Any CPU.Build.0 = Release|Any CPU
	EndGlobalSection
	GlobalSection(SolutionProperties) = preSolution
		HideSolutionNode = FALSE
	EndGlobalSection
	GlobalSection(ExtensibilityGlobals) = postSolution
		SolutionGuid = {74A9EAB0-F74C-46F2-83BA-A16DE6BDB31E}
	EndGlobalSection
EndGlobal
